
Microsoft Visual Studio Solution File, Format Version 12.00
# Visual Studio 15
VisualStudioVersion = 15.0.28307.1433
MinimumVisualStudioVersion = 10.0.40219.1
Project("{FAE04EC0-301F-11D3-BF4B-00C04F79EFBC}") = "And.Eticaret.UI.WEB", "And.Eticaret.UI.WEB\And.Eticaret.UI.WEB.csproj", "{21A83190-48AC-47B4-9BD9-94DDF7CDC539}"
EndProject
Project("{FAE04EC0-301F-11D3-BF4B-00C04F79EFBC}") = "And.Eticaret.Core.Model", "And.Eticaret.Core.Model\And.Eticaret.Core.Model.csproj", "{1803D3DD-8054-4542-8D65-AE4BDA17A7B3}"
EndProject
Global
	GlobalSection(SolutionConfigurationPlatforms) = preSolution
		Debug|Any CPU = Debug|Any CPU
		Release|Any CPU = Release|Any CPU
	EndGlobalSection
	GlobalSection(ProjectConfigurationPlatforms) = postSolution
		{21A83190-48AC-47B4-9BD9-94DDF7CDC539}.Debug|Any CPU.ActiveCfg = Debug|Any CPU
		{21A83190-48AC-47B4-9BD9-94DDF7CDC539}.Debug|Any CPU.Build.0 = Debug|Any CPU
		{21A83190-48AC-47B4-9BD9-94DDF7CDC539}.Release|Any CPU.ActiveCfg = Release|Any CPU
		{21A83190-48AC-47B4-9BD9-94DDF7CDC539}.Release|Any CPU.Build.0 = Release|Any CPU
		{1803D3DD-8054-4542-8D65-AE4BDA17A7B3}.Debug|Any CPU.ActiveCfg = Debug|Any CPU
		{1803D3DD-8054-4542-8D65-AE4BDA17A7B3}.Debug|Any CPU.Build.0 = Debug|Any CPU
		{1803D3DD-8054-4542-8D65-AE4BDA17A7B3}.Release|Any CPU.ActiveCfg = Release|Any CPU
		{1803D3DD-8054-4542-8D65-AE4BDA17A7B3}.Release|Any CPU.Build.0 = Release|Any CPU
	EndGlobalSection
	GlobalSection(SolutionProperties) = preSolution
		HideSolutionNode = FALSE
	EndGlobalSection
	GlobalSection(ExtensibilityGlobals) = postSolution
		SolutionGuid = {40400881-2FD0-42BC-A5CC-025F58AEF809}
	EndGlobalSection
EndGlobal
